// !$*UTF8*$!
{
	archiveVersion = 1;
	classes = {
	};
	objectVersion = 46;
	objects = {

/* Begin PBXBuildFile section */
		ECA387141C1A5D0F0088A392 /* AppDelegate.swift in Sources */ = {isa = PBXBuildFile; fileRef = ECA387131C1A5D0F0088A392 /* AppDelegate.swift */; };
		ECA387161C1A5D0F0088A392 /* ViewController.swift in Sources */ = {isa = PBXBuildFile; fileRef = ECA387151C1A5D0F0088A392 /* ViewController.swift */; };
		ECA387191C1A5D0F0088A392 /* Main.storyboard in Resources */ = {isa = PBXBuildFile; fileRef = ECA387171C1A5D0F0088A392 /* Main.storyboard */; };
		ECA3871B1C1A5D0F0088A392 /* Images.xcassets in Resources */ = {isa = PBXBuildFile; fileRef = ECA3871A1C1A5D0F0088A392 /* Images.xcassets */; };
		ECA3871E1C1A5D0F0088A392 /* LaunchScreen.xib in Resources */ = {isa = PBXBuildFile; fileRef = ECA3871C1C1A5D0F0088A392 /* LaunchScreen.xib */; };
		ECA3872A1C1A5D0F0088A392 /* Swift12_11Tests.swift in Sources */ = {isa = PBXBuildFile; fileRef = ECA387291C1A5D0F0088A392 /* Swift12_11Tests.swift */; };
/* End PBXBuildFile section */

/* Begin PBXContainerItemProxy section */
		ECA387241C1A5D0F0088A392 /* PBXContainerItemProxy */ = {
			isa = PBXContainerItemProxy;
			containerPortal = ECA387061C1A5D0F0088A392 /* Project object */;
			proxyType = 1;
			remoteGlobalIDString = ECA3870D1C1A5D0F0088A392;
			remoteInfo = Swift12.11;
		};
/* End PBXContainerItemProxy section */

/* Begin PBXFileReference section */
		ECA3870E1C1A5D0F0088A392 /* Swift12.11.app */ = {isa = PBXFileReference; explicitFileType = wrapper.application; includeInIndex = 0; path = Swift12.11.app; sourceTree = BUILT_PRODUCTS_DIR; };
		ECA387121C1A5D0F0088A392 /* Info.plist */ = {isa = PBXFileReference; lastKnownFileType = text.plist.xml; path = Info.plist; sourceTree = "<group>"; };
		ECA387131C1A5D0F0088A392 /* AppDelegate.swift */ = {isa = PBXFileReference; lastKnownFileType = sourcecode.swift; path = AppDelegate.swift; sourceTree = "<group>"; };
		ECA387151C1A5D0F0088A392 /* ViewController.swift */ = {isa = PBXFileReference; lastKnownFileType = sourcecode.swift; path = ViewController.swift; sourceTree = "<group>"; };
		ECA387181C1A5D0F0088A392 /* Base */ = {isa = PBXFileReference; lastKnownFileType = file.storyboard; name = Base; path = Base.lproj/Main.storyboard; sourceTree = "<group>"; };
		ECA3871A1C1A5D0F0088A392 /* Images.xcassets */ = {isa = PBXFileReference; lastKnownFileType = folder.assetcatalog; path = Images.xcassets; sourceTree = "<group>"; };
		ECA3871D1C1A5D0F0088A392 /* Base */ = {isa = PBXFileReference; lastKnownFileType = file.xib; name = Base; path = Base.lproj/LaunchScreen.xib; sourceTree = "<group>"; };
		ECA387231C1A5D0F0088A392 /* Swift12.11Tests.xctest */ = {isa = PBXFileReference; explicitFileType = wrapper.cfbundle; includeInIndex = 0; path = Swift12.11Tests.xctest; sourceTree = BUILT_PRODUCTS_DIR; };
		ECA387281C1A5D0F0088A392 /* Info.plist */ = {isa = PBXFileReference; lastKnownFileType = text.plist.xml; path = Info.plist; sourceTree = "<group>"; };
		ECA387291C1A5D0F0088A392 /* Swift12_11Tests.swift */ = {isa = PBXFileReference; lastKnownFileType = sourcecode.swift; path = Swift12_11Tests.swift; sourceTree = "<group>"; };
/* End PBXFileReference section */

/* Begin PBXFrameworksBuildPhase section */
		ECA3870B1C1A5D0F0088A392 /* Frameworks */ = {
			isa = PBXFrameworksBuildPhase;
			buildActionMask = 2147483647;
			files = (
			);
			runOnlyForDeploymentPostprocessing = 0;
		};
		ECA387201C1A5D0F0088A392 /* Frameworks */ = {
			isa = PBXFrameworksBuildPhase;
			buildActionMask = 2147483647;
			files = (
			);
			runOnlyForDeploymentPostprocessing = 0;
		};
/* End PBXFrameworksBuildPhase section */

/* Begin PBXGroup section */
		ECA387051C1A5D0F0088A392 = {
			isa = PBXGroup;
			children = (
				ECA387101C1A5D0F0088A392 /* Swift12.11 */,
				ECA387261C1A5D0F0088A392 /* Swift12.11Tests */,
				ECA3870F1C1A5D0F0088A392 /* Products */,
			);
			sourceTree = "<group>";
		};
		ECA3870F1C1A5D0F0088A392 /* Products */ = {
			isa = PBXGroup;
			children = (
				ECA3870E1C1A5D0F0088A392 /* Swift12.11.app */,
				ECA387231C1A5D0F0088A392 /* Swift12.11Tests.xctest */,
			);
			name = Products;
			sourceTree = "<group>";
		};
		ECA387101C1A5D0F0088A392 /* Swift12.11 */ = {
			isa = PBXGroup;
			children = (
				ECA387131C1A5D0F0088A392 /* AppDelegate.swift */,
				ECA387151C1A5D0F0088A392 /* ViewController.swift */,
				ECA387171C1A5D0F0088A392 /* Main.storyboard */,
				ECA3871A1C1A5D0F0088A392 /* Images.xcassets */,
				ECA3871C1C1A5D0F0088A392 /* LaunchScreen.xib */,
				ECA387111C1A5D0F0088A392 /* Supporting Files */,
			);
			path = Swift12.11;
			sourceTree = "<group>";
		};
		ECA387111C1A5D0F0088A392 /* Supporting Files */ = {
			isa = PBXGroup;
			children = (
				ECA387121C1A5D0F0088A392 /* Info.plist */,
			);
			name = "Supporting Files";
			sourceTree = "<group>";
		};
		ECA387261C1A5D0F0088A392 /* Swift12.11Tests */ = {
			isa = PBXGroup;
			children = (
				ECA387291C1A5D0F0088A392 /* Swift12_11Tests.swift */,
				ECA387271C1A5D0F0088A392 /* Supporting Files */,
			);
			path = Swift12.11Tests;
			sourceTree = "<group>";
		};
		ECA387271C1A5D0F0088A392 /* Supporting Files */ = {
			isa = PBXGroup;
			children = (
				ECA387281C1A5D0F0088A392 /* Info.plist */,
			);
			name = "Supporting Files";
			sourceTree = "<group>";
		};
/* End PBXGroup section */

/* Begin PBXNativeTarget section */
		ECA3870D1C1A5D0F0088A392 /* Swift12.11 */ = {
			isa = PBXNativeTarget;
			buildConfigurationList = ECA3872D1C1A5D0F0088A392 /* Build configuration list for PBXNativeTarget "Swift12.11" */;
			buildPhases = (
				ECA3870A1C1A5D0F0088A392 /* Sources */,
				ECA3870B1C1A5D0F0088A392 /* Frameworks */,
				ECA3870C1C1A5D0F0088A392 /* Resources */,
			);
			buildRules = (
			);
			dependencies = (
			);
			name = Swift12.11;
			productName = Swift12.11;
			productReference = ECA3870E1C1A5D0F0088A392 /* Swift12.11.app */;
			productType = "com.apple.product-type.application";
		};
		ECA387221C1A5D0F0088A392 /* Swift12.11Tests */ = {
			isa = PBXNativeTarget;
			buildConfigurationList = ECA387301C1A5D0F0088A392 /* Build configuration list for PBXNativeTarget "Swift12.11Tests" */;
			buildPhases = (
				ECA3871F1C1A5D0F0088A392 /* Sources */,
				ECA387201C1A5D0F0088A392 /* Frameworks */,
				ECA387211C1A5D0F0088A392 /* Resources */,
			);
			buildRules = (
			);
			dependencies = (
				ECA387251C1A5D0F0088A392 /* PBXTargetDependency */,
			);
			name = Swift12.11Tests;
			productName = Swift12.11Tests;
			productReference = ECA387231C1A5D0F0088A392 /* Swift12.11Tests.xctest */;
			productType = "com.apple.product-type.bundle.unit-test";
		};
/* End PBXNativeTarget section */

/* Begin PBXProject section */
		ECA387061C1A5D0F0088A392 /* Project object */ = {
			isa = PBXProject;
			attributes = {
				LastUpgradeCheck = 0640;
				ORGANIZATIONNAME = dqy;
				TargetAttributes = {
					ECA3870D1C1A5D0F0088A392 = {
						CreatedOnToolsVersion = 6.4;
					};
					ECA387221C1A5D0F0088A392 = {
						CreatedOnToolsVersion = 6.4;
						TestTargetID = ECA3870D1C1A5D0F0088A392;
					};
				};
			};
			buildConfigurationList = ECA387091C1A5D0F0088A392 /* Build configuration list for PBXProject "Swift12.11" */;
			compatibilityVersion = "Xcode 3.2";
			developmentRegion = English;
			hasScannedForEncodings = 0;
			knownRegions = (
				en,
				Base,
			);
			mainGroup = ECA387051C1A5D0F0088A392;
			productRefGroup = ECA3870F1C1A5D0F0088A392 /* Products */;
			projectDirPath = "";
			projectRoot = "";
			targets = (
				ECA3870D1C1A5D0F0088A392 /* Swift12.11 */,
				ECA387221C1A5D0F0088A392 /* Swift12.11Tests */,
			);
		};
/* End PBXProject section */

/* Begin PBXResourcesBuildPhase section */
		ECA3870C1C1A5D0F0088A392 /* Resources */ = {
			isa = PBXResourcesBuildPhase;
			buildActionMask = 2147483647;
			files = (
				ECA387191C1A5D0F0088A392 /* Main.storyboard in Resources */,
				ECA3871E1C1A5D0F0088A392 /* LaunchScreen.xib in Resources */,
				ECA3871B1C1A5D0F0088A392 /* Images.xcassets in Resources */,
			);
			runOnlyForDeploymentPostprocessing = 0;
		};
		ECA387211C1A5D0F0088A392 /* Resources */ = {
			isa = PBXResourcesBuildPhase;
			buildActionMask = 2147483647;
			files = (
			);
			runOnlyForDeploymentPostprocessing = 0;
		};
/* End PBXResourcesBuildPhase section */

/* Begin PBXSourcesBuildPhase section */
		ECA3870A1C1A5D0F0088A392 /* Sources */ = {
			isa = PBXSourcesBuildPhase;
			buildActionMask = 2147483647;
			files = (
				ECA387161C1A5D0F0088A392 /* ViewController.swift in Sources */,
				ECA387141C1A5D0F0088A392 /* AppDelegate.swift in Sources */,
			);
			runOnlyForDeploymentPostprocessing = 0;
		};
		ECA3871F1C1A5D0F0088A392 /* Sources */ = {
			isa = PBXSourcesBuildPhase;
			buildActionMask = 2147483647;
			files = (
				ECA3872A1C1A5D0F0088A392 /* Swift12_11Tests.swift in Sources */,
			);
			runOnlyForDeploymentPostprocessing = 0;
		};
/* End PBXSourcesBuildPhase section */

/* Begin PBXTargetDependency section */
		ECA387251C1A5D0F0088A392 /* PBXTargetDependency */ = {
			isa = PBXTargetDependency;
			target = ECA3870D1C1A5D0F0088A392 /* Swift12.11 */;
			targetProxy = ECA387241C1A5D0F0088A392 /* PBXContainerItemProxy */;
		};
/* End PBXTargetDependency section */

/* Begin PBXVariantGroup section */
		ECA387171C1A5D0F0088A392 /* Main.storyboard */ = {
			isa = PBXVariantGroup;
			children = (
				ECA387181C1A5D0F0088A392 /* Base */,
			);
			name = Main.storyboard;
			sourceTree = "<group>";
		};
		ECA3871C1C1A5D0F0088A392 /* LaunchScreen.xib */ = {
			isa = PBXVariantGroup;
			children = (
				ECA3871D1C1A5D0F0088A392 /* Base */,
			);
			name = LaunchScreen.xib;
			sourceTree = "<group>";
		};
/* End PBXVariantGroup section */

/* Begin XCBuildConfiguration section */
		ECA3872B1C1A5D0F0088A392 /* Debug */ = {
			isa = XCBuildConfiguration;
			buildSettings = {
				ALWAYS_SEARCH_USER_PATHS = NO;
				CLANG_CXX_LANGUAGE_STANDARD = "gnu++0x";
				CLANG_CXX_LIBRARY = "libc++";
				CLANG_ENABLE_MODULES = YES;
				CLANG_ENABLE_OBJC_ARC = YES;
				CLANG_WARN_BOOL_CONVERSION = YES;
				CLANG_WARN_CONSTANT_CONVERSION = YES;
				CLANG_WARN_DIRECT_OBJC_ISA_USAGE = YES_ERROR;
				CLANG_WARN_EMPTY_BODY = YES;
				CLANG_WARN_ENUM_CONVERSION = YES;
				CLANG_WARN_INT_CONVERSION = YES;
				CLANG_WARN_OBJC_ROOT_CLASS = YES_ERROR;
				CLANG_WARN_UNREACHABLE_CODE = YES;
				CLANG_WARN__DUPLICATE_METHOD_MATCH = YES;
				"CODE_SIGN_IDENTITY[sdk=iphoneos*]" = "iPhone Developer";
				COPY_PHASE_STRIP = NO;
				DEBUG_INFORMATION_FORMAT = "dwarf-with-dsym";
				ENABLE_STRICT_OBJC_MSGSEND = YES;
				GCC_C_LANGUAGE_STANDARD = gnu99;
				GCC_DYNAMIC_NO_PIC = NO;
				GCC_NO_COMMON_BLOCKS = YES;
				GCC_OPTIMIZATION_LEVEL = 0;
				GCC_PREPROCESSOR_DEFINITIONS = (
					"DEBUG=1",
					"$(inherited)",
				);
				GCC_SYMBOLS_PRIVATE_EXTERN = NO;
				GCC_WARN_64_TO_32_BIT_CONVERSION = YES;
				GCC_WARN_ABOUT_RETURN_TYPE = YES_ERROR;
				GCC_WARN_UNDECLARED_SELECTOR = YES;
				GCC_WARN_UNINITIALIZED_AUTOS = YES_AGGRESSIVE;
				GCC_WARN_UNUSED_FUNCTION = YES;
				GCC_WARN_UNUSED_VARIABLE = YES;
				IPHONEOS_DEPLOYMENT_TARGET = 8.4;
				MTL_ENABLE_DEBUG_INFO = YES;
				ONLY_ACTIVE_ARCH = YES;
				SDKROOT = iphoneos;
				SWIFT_OPTIMIZATION_LEVEL = "-Onone";
			};
			name = Debug;
		};
		ECA3872C1C1A5D0F0088A392 /* Release */ = {
			isa = XCBuildConfiguration;
			buildSettings = {
				ALWAYS_SEARCH_USER_PATHS = NO;
				CLANG_CXX_LANGUAGE_STANDARD = "gnu++0x";
				CLANG_CXX_LIBRARY = "libc++";
				CLANG_ENABLE_MODULES = YES;
				CLANG_ENABLE_OBJC_ARC = YES;
				CLANG_WARN_BOOL_CONVERSION = YES;
				CLANG_WARN_CONSTANT_CONVERSION = YES;
				CLANG_WARN_DIRECT_OBJC_ISA_USAGE = YES_ERROR;
				CLANG_WARN_EMPTY_BODY = YES;
				CLANG_WARN_ENUM_CONVERSION = YES;
				CLANG_WARN_INT_CONVERSION = YES;
				CLANG_WARN_OBJC_ROOT_CLASS = YES_ERROR;
				CLANG_WARN_UNREACHABLE_CODE = YES;
				CLANG_WARN__DUPLICATE_METHOD_MATCH = YES;
				"CODE_SIGN_IDENTITY[sdk=iphoneos*]" = "iPhone Developer";
				COPY_PHASE_STRIP = NO;
				DEBUG_INFORMATION_FORMAT = "dwarf-with-dsym";
				ENABLE_NS_ASSERTIONS = NO;
				ENABLE_STRICT_OBJC_MSGSEND = YES;
				GCC_C_LANGUAGE_STANDARD = gnu99;
				GCC_NO_COMMON_BLOCKS = YES;
				GCC_WARN_64_TO_32_BIT_CONVERSION = YES;
				GCC_WARN_ABOUT_RETURN_TYPE = YES_ERROR;
				GCC_WARN_UNDECLARED_SELECTOR = YES;
				GCC_WARN_UNINITIALIZED_AUTOS = YES_AGGRESSIVE;
				GCC_WARN_UNUSED_FUNCTION = YES;
				GCC_WARN_UNUSED_VARIABLE = YES;
				IPHONEOS_DEPLOYMENT_TARGET = 8.4;
				MTL_ENABLE_DEBUG_INFO = NO;
				SDKROOT = iphoneos;
				VALIDATE_PRODUCT = YES;
			};
			name = Release;
		};
		ECA3872E1C1A5D0F0088A392 /* Debug */ = {
			isa = XCBuildConfiguration;
			buildSettings = {
				ASSETCATALOG_COMPILER_APPICON_NAME = AppIcon;
				INFOPLIST_FILE = Swift12.11/Info.plist;
				LD_RUNPATH_SEARCH_PATHS = "$(inherited) @executable_path/Frameworks";
				PRODUCT_NAME = "$(TARGET_NAME)";
			};
			name = Debug;
		};
		ECA3872F1C1A5D0F0088A392 /* Release */ = {
			isa = XCBuildConfiguration;
			buildSettings = {
				ASSETCATALOG_COMPILER_APPICON_NAME = AppIcon;
				INFOPLIST_FILE = Swift12.11/Info.plist;
				LD_RUNPATH_SEARCH_PATHS = "$(inherited) @executable_path/Frameworks";
				PRODUCT_NAME = "$(TARGET_NAME)";
			};
			name = Release;
		};
		ECA387311C1A5D0F0088A392 /* Debug */ = {
			isa = XCBuildConfiguration;
			buildSettings = {
				BUNDLE_LOADER = "$(TEST_HOST)";
				FRAMEWORK_SEARCH_PATHS = (
					"$(SDKROOT)/Developer/Library/Frameworks",
					"$(inherited)",
				);
				GCC_PREPROCESSOR_DEFINITIONS = (
					"DEBUG=1",
					"$(inherited)",
				);
				INFOPLIST_FILE = Swift12.11Tests/Info.plist;
				LD_RUNPATH_SEARCH_PATHS = "$(inherited) @executable_path/Frameworks @loader_path/Frameworks";
				PRODUCT_NAME = "$(TARGET_NAME)";
				TEST_HOST = "$(BUILT_PRODUCTS_DIR)/Swift12.11.app/Swift12.11";
			};
			name = Debug;
		};
		ECA387321C1A5D0F0088A392 /* Release */ = {
			isa = XCBuildConfiguration;
			buildSettings = {
				BUNDLE_LOADER = "$(TEST_HOST)";
				FRAMEWORK_SEARCH_PATHS = (
					"$(SDKROOT)/Developer/Library/Frameworks",
					"$(inherited)",
				);
				INFOPLIST_FILE = Swift12.11Tests/Info.plist;
				LD_RUNPATH_SEARCH_PATHS = "$(inherited) @executable_path/Frameworks @loader_path/Frameworks";
				PRODUCT_NAME = "$(TARGET_NAME)";
				TEST_HOST = "$(BUILT_PRODUCTS_DIR)/Swift12.11.app/Swift12.11";
			};
			name = Release;
		};
/* End XCBuildConfiguration section */

/* Begin XCConfigurationList section */
		ECA387091C1A5D0F0088A392 /* Build configuration list for PBXProject "Swift12.11" */ = {
			isa = XCConfigurationList;
			buildConfigurations = (
				ECA3872B1C1A5D0F0088A392 /* Debug */,
				ECA3872C1C1A5D0F0088A392 /* Release */,
			);
			defaultConfigurationIsVisible = 0;
			defaultConfigurationName = Release;
		};
		ECA3872D1C1A5D0F0088A392 /* Build configuration list for PBXNativeTarget "Swift12.11" */ = {
			isa = XCConfigurationList;
			buildConfigurations = (
				ECA3872E1C1A5D0F0088A392 /* Debug */,
				ECA3872F1C1A5D0F0088A392 /* Release */,
			);
			defaultConfigurationIsVisible = 0;
		};
		ECA387301C1A5D0F0088A392 /* Build configuration list for PBXNativeTarget "Swift12.11Tests" */ = {
			isa = XCConfigurationList;
			buildConfigurations = (
				ECA387311C1A5D0F0088A392 /* Debug */,
				ECA387321C1A5D0F0088A392 /* Release */,
			);
			defaultConfigurationIsVisible = 0;
		};
/* End XCConfigurationList section */
	};
	rootObject = ECA387061C1A5D0F0088A392 /* Project object */;
}
